
Microsoft Visual Studio Solution File, Format Version 12.00
# Visual Studio Version 17
VisualStudioVersion = 17.3.32901.215
MinimumVisualStudioVersion = 10.0.40219.1
Project("{FAE04EC0-301F-11D3-BF4B-00C04F79EFBC}") = "calculator1", "calculator1.csproj", "{7AC62CEF-FBA4-4074-BDB4-E3F2D90F6F06}"
EndProject
Project("{FAE04EC0-301F-11D3-BF4B-00C04F79EFBC}") = "calculator_WinForms", "..\calculator_WinForms\calculator_WinForms.csproj", "{6A36BF6D-223B-4DD8-8959-1995823821CA}"
EndProject
Global
	GlobalSection(SolutionConfigurationPlatforms) = preSolution
		Debug|Any CPU = Debug|Any CPU
		Release|Any CPU = Release|Any CPU
	EndGlobalSection
	GlobalSection(ProjectConfigurationPlatforms) = postSolution
		{7AC62CEF-FBA4-4074-BDB4-E3F2D90F6F06}.Debug|Any CPU.ActiveCfg = Debug|Any CPU
		{7AC62CEF-FBA4-4074-BDB4-E3F2D90F6F06}.Debug|Any CPU.Build.0 = Debug|Any CPU
		{7AC62CEF-FBA4-4074-BDB4-E3F2D90F6F06}.Release|Any CPU.ActiveCfg = Release|Any CPU
		{7AC62CEF-FBA4-4074-BDB4-E3F2D90F6F06}.Release|Any CPU.Build.0 = Release|Any CPU
		{6A36BF6D-223B-4DD8-8959-1995823821CA}.Debug|Any CPU.ActiveCfg = Debug|Any CPU
		{6A36BF6D-223B-4DD8-8959-1995823821CA}.Debug|Any CPU.Build.0 = Debug|Any CPU
		{6A36BF6D-223B-4DD8-8959-1995823821CA}.Release|Any CPU.ActiveCfg = Release|Any CPU
		{6A36BF6D-223B-4DD8-8959-1995823821CA}.Release|Any CPU.Build.0 = Release|Any CPU
	EndGlobalSection
	GlobalSection(SolutionProperties) = preSolution
		HideSolutionNode = FALSE
	EndGlobalSection
	GlobalSection(ExtensibilityGlobals) = postSolution
		SolutionGuid = {664A4F8A-82C2-4B98-AA0A-D81D30322CD9}
	EndGlobalSection
EndGlobal
